
Microsoft Visual Studio Solution File, Format Version 12.00
# Visual Studio Version 16
VisualStudioVersion = 16.0.34601.136
MinimumVisualStudioVersion = 10.0.40219.1
Project("{FAE04EC0-301F-11D3-BF4B-00C04F79EFBC}") = "MLB_App", "WebApplication3\MLB_App.csproj", "{A11FED9E-3541-458B-9199-0C934F078679}"
EndProject
Global
	GlobalSection(SolutionConfigurationPlatforms) = preSolution
		Debug|Any CPU = Debug|Any CPU
		Release|Any CPU = Release|Any CPU
	EndGlobalSection
	GlobalSection(ProjectConfigurationPlatforms) = postSolution
		{A11FED9E-3541-458B-9199-0C934F078679}.Debug|Any CPU.ActiveCfg = Debug|Any CPU
		{A11FED9E-3541-458B-9199-0C934F078679}.Debug|Any CPU.Build.0 = Debug|Any CPU
		{A11FED9E-3541-458B-9199-0C934F078679}.Release|Any CPU.ActiveCfg = Release|Any CPU
		{A11FED9E-3541-458B-9199-0C934F078679}.Release|Any CPU.Build.0 = Release|Any CPU
	EndGlobalSection
	GlobalSection(SolutionProperties) = preSolution
		HideSolutionNode = FALSE
	EndGlobalSection
	GlobalSection(ExtensibilityGlobals) = postSolution
		SolutionGuid = {2439CE4A-BAA4-466B-B45D-2A6D1F27789E}
	EndGlobalSection
EndGlobal
